
Microsoft Visual Studio Solution File, Format Version 12.00
# Visual Studio Version 16
VisualStudioVersion = 16.0.31515.178
MinimumVisualStudioVersion = 10.0.40219.1
Project("{FAE04EC0-301F-11D3-BF4B-00C04F79EFBC}") = "QuanLyGiangVien", "QuanLyGiangVien\QuanLyGiangVien.csproj", "{38489286-E6B0-48E0-9001-D1E7F659622E}"
EndProject
Global
	GlobalSection(SolutionConfigurationPlatforms) = preSolution
		Debug|Any CPU = Debug|Any CPU
		Release|Any CPU = Release|Any CPU
	EndGlobalSection
	GlobalSection(ProjectConfigurationPlatforms) = postSolution
		{38489286-E6B0-48E0-9001-D1E7F659622E}.Debug|Any CPU.ActiveCfg = Debug|Any CPU
		{38489286-E6B0-48E0-9001-D1E7F659622E}.Debug|Any CPU.Build.0 = Debug|Any CPU
		{38489286-E6B0-48E0-9001-D1E7F659622E}.Release|Any CPU.ActiveCfg = Release|Any CPU
		{38489286-E6B0-48E0-9001-D1E7F659622E}.Release|Any CPU.Build.0 = Release|Any CPU
	EndGlobalSection
	GlobalSection(SolutionProperties) = preSolution
		HideSolutionNode = FALSE
	EndGlobalSection
	GlobalSection(ExtensibilityGlobals) = postSolution
		SolutionGuid = {B1B9E20F-9B56-45D9-BD65-E683DD68FFFD}
	EndGlobalSection
EndGlobal
